
Microsoft Visual Studio Solution File, Format Version 11.00
# Visual Studio 2010
Project("{FAE04EC0-301F-11D3-BF4B-00C04F79EFBC}") = "Assembly-CSharp-firstpass", "Assembly-CSharp-firstpass.csproj", "{6909521d-d17b-3246-0a06-f7eca60f014d}"
EndProject
Project("{FAE04EC0-301F-11D3-BF4B-00C04F79EFBC}") = "Assembly-CSharp", "Assembly-CSharp.csproj", "{0e867f2a-5c82-96d6-7800-15f3b43288b8}"
EndProject
Project("{FAE04EC0-301F-11D3-BF4B-00C04F79EFBC}") = "Assembly-CSharp-Editor-firstpass", "Assembly-CSharp-Editor-firstpass.csproj", "{8d5f252c-7feb-c93d-d24c-f153926bb8cf}"
EndProject
Global
	GlobalSection(SolutionConfigurationPlatforms) = preSolution
		Debug|Any CPU = Debug|Any CPU
	EndGlobalSection
	GlobalSection(ProjectConfigurationPlatforms) = postSolution
		{6909521d-d17b-3246-0a06-f7eca60f014d}.Debug|Any CPU.ActiveCfg = Debug|Any CPU
		{6909521d-d17b-3246-0a06-f7eca60f014d}.Debug|Any CPU.Build.0 = Debug|Any CPU
		{0e867f2a-5c82-96d6-7800-15f3b43288b8}.Debug|Any CPU.ActiveCfg = Debug|Any CPU
		{0e867f2a-5c82-96d6-7800-15f3b43288b8}.Debug|Any CPU.Build.0 = Debug|Any CPU
		{8d5f252c-7feb-c93d-d24c-f153926bb8cf}.Debug|Any CPU.ActiveCfg = Debug|Any CPU
		{8d5f252c-7feb-c93d-d24c-f153926bb8cf}.Debug|Any CPU.Build.0 = Debug|Any CPU
	EndGlobalSection
	GlobalSection(SolutionProperties) = preSolution
		HideSolutionNode = FALSE
	EndGlobalSection
EndGlobal
